Microsoft Visual Studio Solution File, Format Version 12.00
# Visual Studio Version 17
VisualStudioVersion = 17.5.2.0
MinimumVisualStudioVersion = 10.0.40219.1
Project("{FAE04EC0-301F-11D3-BF4B-00C04F79EFBC}") = "ultramarines_api", "ultramarines_api.csproj", "{C5AF75F1-2855-C1AA-FD85-7B4B94680977}"
EndProject
Global
	GlobalSection(SolutionConfigurationPlatforms) = preSolution
		Debug|Any CPU = Debug|Any CPU
		Release|Any CPU = Release|Any CPU
	EndGlobalSection
	GlobalSection(ProjectConfigurationPlatforms) = postSolution
		{C5AF75F1-2855-C1AA-FD85-7B4B94680977}.Debug|Any CPU.ActiveCfg = Debug|Any CPU
		{C5AF75F1-2855-C1AA-FD85-7B4B94680977}.Debug|Any CPU.Build.0 = Debug|Any CPU
		{C5AF75F1-2855-C1AA-FD85-7B4B94680977}.Release|Any CPU.ActiveCfg = Release|Any CPU
		{C5AF75F1-2855-C1AA-FD85-7B4B94680977}.Release|Any CPU.Build.0 = Release|Any CPU
	EndGlobalSection
	GlobalSection(SolutionProperties) = preSolution
		HideSolutionNode = FALSE
	EndGlobalSection
	GlobalSection(ExtensibilityGlobals) = postSolution
		SolutionGuid = {80B84AA6-79C0-4E79-A40A-6D977E43500F}
	EndGlobalSection
EndGlobal
